
Microsoft Visual Studio Solution File, Format Version 12.00
# Visual Studio Version 17
VisualStudioVersion = 17.0.31903.59
MinimumVisualStudioVersion = 10.0.40219.1
Project("{2150E333-8FDC-42A3-9474-1A3956D46DE8}") = "src", "src", "{1576A9B4-A67C-445D-A93D-86F6B034910F}"
EndProject
Project("{2150E333-8FDC-42A3-9474-1A3956D46DE8}") = "1.0-Presentation", "1.0-Presentation", "{1B5B19EE-1DFA-4954-8EA1-6D4E6288855F}"
EndProject
Project("{FAE04EC0-301F-11D3-BF4B-00C04F79EFBC}") = "API", "src\1.0-Presentation\API\API.csproj", "{3F0EC8B1-7B19-42E0-8FB1-6F2A2122A914}"
EndProject
Project("{2150E333-8FDC-42A3-9474-1A3956D46DE8}") = "2.0-Application", "2.0-Application", "{B048639E-E434-43CD-8FCE-A45AA59C8671}"
EndProject
Project("{FAE04EC0-301F-11D3-BF4B-00C04F79EFBC}") = "Application", "src\2.0-Application\Application\Application.csproj", "{E5A118E8-9DAA-4788-BF87-7816FCAC2F2D}"
EndProject
Project("{FAE04EC0-301F-11D3-BF4B-00C04F79EFBC}") = "Application.DTO", "src\2.0-Application\Application.DTO\Application.DTO.csproj", "{3E090399-B995-4F25-B012-97D96D5301D1}"
EndProject
Project("{2150E333-8FDC-42A3-9474-1A3956D46DE8}") = "3.0-Domain", "3.0-Domain", "{4369CF8B-8A42-480D-ACA1-D938F9C9B72F}"
EndProject
Project("{FAE04EC0-301F-11D3-BF4B-00C04F79EFBC}") = "Domain", "src\3.0-Domain\Domain\Domain.csproj", "{28739A6D-DA1E-4C72-95A7-A69FBC5D89A3}"
EndProject
Project("{FAE04EC0-301F-11D3-BF4B-00C04F79EFBC}") = "Domain.Core", "src\3.0-Domain\Domain.Core\Domain.Core.csproj", "{7289486A-1D32-4CFF-8896-7BB69AAF1095}"
EndProject
Project("{FAE04EC0-301F-11D3-BF4B-00C04F79EFBC}") = "Domain.Services", "src\3.0-Domain\Domain.Services\Domain.Services.csproj", "{CD7249F8-161F-42A4-8B00-8A78BB13B894}"
EndProject
Project("{2150E333-8FDC-42A3-9474-1A3956D46DE8}") = "4.0-Infra", "4.0-Infra", "{61E7117D-F75E-47F6-BD08-55B419751653}"
EndProject
Project("{2150E333-8FDC-42A3-9474-1A3956D46DE8}") = "4.1-Data", "4.1-Data", "{5FFFB0A9-FBF8-40CC-9987-9331CEAB18B9}"
EndProject
Project("{FAE04EC0-301F-11D3-BF4B-00C04F79EFBC}") = "Infra.Data", "src\4.0-Infra\4.1-Data\Infra.Data\Infra.Data.csproj", "{BC7F6B76-C073-4927-BE45-8299ECC4CA68}"
EndProject
Project("{FAE04EC0-301F-11D3-BF4B-00C04F79EFBC}") = "Infra.Repository", "src\4.0-Infra\4.1-Data\Infra.Repository\Infra.Repository.csproj", "{8639761D-07DD-4D06-85A3-2AC95953A1DA}"
EndProject
Project("{2150E333-8FDC-42A3-9474-1A3956D46DE8}") = "4.2-CrossCutting", "4.2-CrossCutting", "{4F64DDBD-B745-4DE9-9EBF-D29AF45CA4CF}"
EndProject
Project("{FAE04EC0-301F-11D3-BF4B-00C04F79EFBC}") = "Infra.CrossCutting.Adapter", "src\4.0-Infra\4.2-CrossCutting\Infra.CrossCutting.Adapter\Infra.CrossCutting.Adapter.csproj", "{5E6A709D-6DF9-47E3-8B50-B01AA75B750A}"
EndProject
Project("{FAE04EC0-301F-11D3-BF4B-00C04F79EFBC}") = "Infra.CrossCutting.IOC", "src\4.0-Infra\4.2-CrossCutting\Infra.CrossCutting.IOC\Infra.CrossCutting.IOC.csproj", "{9F9C4FDF-2F3F-4548-A0B4-8FAA2FEF3476}"
EndProject
Project("{2150E333-8FDC-42A3-9474-1A3956D46DE8}") = "tests", "tests", "{CBC15139-6E07-4D7F-83D6-77CF36C49B90}"
EndProject
Project("{FAE04EC0-301F-11D3-BF4B-00C04F79EFBC}") = "Domain.Tests", "tests\Domain.Tests\Domain.Tests.csproj", "{897FA356-7998-4BA3-9255-02FCE71CEFBD}"
EndProject
Global
	GlobalSection(SolutionConfigurationPlatforms) = preSolution
		Debug|Any CPU = Debug|Any CPU
		Release|Any CPU = Release|Any CPU
	EndGlobalSection
	GlobalSection(SolutionProperties) = preSolution
		HideSolutionNode = FALSE
	EndGlobalSection
	GlobalSection(ProjectConfigurationPlatforms) = postSolution
		{3F0EC8B1-7B19-42E0-8FB1-6F2A2122A914}.Debug|Any CPU.ActiveCfg = Debug|Any CPU
		{3F0EC8B1-7B19-42E0-8FB1-6F2A2122A914}.Debug|Any CPU.Build.0 = Debug|Any CPU
		{3F0EC8B1-7B19-42E0-8FB1-6F2A2122A914}.Release|Any CPU.ActiveCfg = Release|Any CPU
		{3F0EC8B1-7B19-42E0-8FB1-6F2A2122A914}.Release|Any CPU.Build.0 = Release|Any CPU
		{E5A118E8-9DAA-4788-BF87-7816FCAC2F2D}.Debug|Any CPU.ActiveCfg = Debug|Any CPU
		{E5A118E8-9DAA-4788-BF87-7816FCAC2F2D}.Debug|Any CPU.Build.0 = Debug|Any CPU
		{E5A118E8-9DAA-4788-BF87-7816FCAC2F2D}.Release|Any CPU.ActiveCfg = Release|Any CPU
		{E5A118E8-9DAA-4788-BF87-7816FCAC2F2D}.Release|Any CPU.Build.0 = Release|Any CPU
		{3E090399-B995-4F25-B012-97D96D5301D1}.Debug|Any CPU.ActiveCfg = Debug|Any CPU
		{3E090399-B995-4F25-B012-97D96D5301D1}.Debug|Any CPU.Build.0 = Debug|Any CPU
		{3E090399-B995-4F25-B012-97D96D5301D1}.Release|Any CPU.ActiveCfg = Release|Any CPU
		{3E090399-B995-4F25-B012-97D96D5301D1}.Release|Any CPU.Build.0 = Release|Any CPU
		{28739A6D-DA1E-4C72-95A7-A69FBC5D89A3}.Debug|Any CPU.ActiveCfg = Debug|Any CPU
		{28739A6D-DA1E-4C72-95A7-A69FBC5D89A3}.Debug|Any CPU.Build.0 = Debug|Any CPU
		{28739A6D-DA1E-4C72-95A7-A69FBC5D89A3}.Release|Any CPU.ActiveCfg = Release|Any CPU
		{28739A6D-DA1E-4C72-95A7-A69FBC5D89A3}.Release|Any CPU.Build.0 = Release|Any CPU
		{7289486A-1D32-4CFF-8896-7BB69AAF1095}.Debug|Any CPU.ActiveCfg = Debug|Any CPU
		{7289486A-1D32-4CFF-8896-7BB69AAF1095}.Debug|Any CPU.Build.0 = Debug|Any CPU
		{7289486A-1D32-4CFF-8896-7BB69AAF1095}.Release|Any CPU.ActiveCfg = Release|Any CPU
		{7289486A-1D32-4CFF-8896-7BB69AAF1095}.Release|Any CPU.Build.0 = Release|Any CPU
		{CD7249F8-161F-42A4-8B00-8A78BB13B894}.Debug|Any CPU.ActiveCfg = Debug|Any CPU
		{CD7249F8-161F-42A4-8B00-8A78BB13B894}.Debug|Any CPU.Build.0 = Debug|Any CPU
		{CD7249F8-161F-42A4-8B00-8A78BB13B894}.Release|Any CPU.ActiveCfg = Release|Any CPU
		{CD7249F8-161F-42A4-8B00-8A78BB13B894}.Release|Any CPU.Build.0 = Release|Any CPU
		{BC7F6B76-C073-4927-BE45-8299ECC4CA68}.Debug|Any CPU.ActiveCfg = Debug|Any CPU
		{BC7F6B76-C073-4927-BE45-8299ECC4CA68}.Debug|Any CPU.Build.0 = Debug|Any CPU
		{BC7F6B76-C073-4927-BE45-8299ECC4CA68}.Release|Any CPU.ActiveCfg = Release|Any CPU
		{BC7F6B76-C073-4927-BE45-8299ECC4CA68}.Release|Any CPU.Build.0 = Release|Any CPU
		{8639761D-07DD-4D06-85A3-2AC95953A1DA}.Debug|Any CPU.ActiveCfg = Debug|Any CPU
		{8639761D-07DD-4D06-85A3-2AC95953A1DA}.Debug|Any CPU.Build.0 = Debug|Any CPU
		{8639761D-07DD-4D06-85A3-2AC95953A1DA}.Release|Any CPU.ActiveCfg = Release|Any CPU
		{8639761D-07DD-4D06-85A3-2AC95953A1DA}.Release|Any CPU.Build.0 = Release|Any CPU
		{5E6A709D-6DF9-47E3-8B50-B01AA75B750A}.Debug|Any CPU.ActiveCfg = Debug|Any CPU
		{5E6A709D-6DF9-47E3-8B50-B01AA75B750A}.Debug|Any CPU.Build.0 = Debug|Any CPU
		{5E6A709D-6DF9-47E3-8B50-B01AA75B750A}.Release|Any CPU.ActiveCfg = Release|Any CPU
		{5E6A709D-6DF9-47E3-8B50-B01AA75B750A}.Release|Any CPU.Build.0 = Release|Any CPU
		{9F9C4FDF-2F3F-4548-A0B4-8FAA2FEF3476}.Debug|Any CPU.ActiveCfg = Debug|Any CPU
		{9F9C4FDF-2F3F-4548-A0B4-8FAA2FEF3476}.Debug|Any CPU.Build.0 = Debug|Any CPU
		{9F9C4FDF-2F3F-4548-A0B4-8FAA2FEF3476}.Release|Any CPU.ActiveCfg = Release|Any CPU
		{9F9C4FDF-2F3F-4548-A0B4-8FAA2FEF3476}.Release|Any CPU.Build.0 = Release|Any CPU
		{897FA356-7998-4BA3-9255-02FCE71CEFBD}.Debug|Any CPU.ActiveCfg = Debug|Any CPU
		{897FA356-7998-4BA3-9255-02FCE71CEFBD}.Debug|Any CPU.Build.0 = Debug|Any CPU
		{897FA356-7998-4BA3-9255-02FCE71CEFBD}.Release|Any CPU.ActiveCfg = Release|Any CPU
		{897FA356-7998-4BA3-9255-02FCE71CEFBD}.Release|Any CPU.Build.0 = Release|Any CPU
	EndGlobalSection
	GlobalSection(NestedProjects) = preSolution
		{1B5B19EE-1DFA-4954-8EA1-6D4E6288855F} = {1576A9B4-A67C-445D-A93D-86F6B034910F}
		{3F0EC8B1-7B19-42E0-8FB1-6F2A2122A914} = {1B5B19EE-1DFA-4954-8EA1-6D4E6288855F}
		{B048639E-E434-43CD-8FCE-A45AA59C8671} = {1576A9B4-A67C-445D-A93D-86F6B034910F}
		{E5A118E8-9DAA-4788-BF87-7816FCAC2F2D} = {B048639E-E434-43CD-8FCE-A45AA59C8671}
		{3E090399-B995-4F25-B012-97D96D5301D1} = {B048639E-E434-43CD-8FCE-A45AA59C8671}
		{4369CF8B-8A42-480D-ACA1-D938F9C9B72F} = {1576A9B4-A67C-445D-A93D-86F6B034910F}
		{28739A6D-DA1E-4C72-95A7-A69FBC5D89A3} = {4369CF8B-8A42-480D-ACA1-D938F9C9B72F}
		{7289486A-1D32-4CFF-8896-7BB69AAF1095} = {4369CF8B-8A42-480D-ACA1-D938F9C9B72F}
		{CD7249F8-161F-42A4-8B00-8A78BB13B894} = {4369CF8B-8A42-480D-ACA1-D938F9C9B72F}
		{61E7117D-F75E-47F6-BD08-55B419751653} = {1576A9B4-A67C-445D-A93D-86F6B034910F}
		{5FFFB0A9-FBF8-40CC-9987-9331CEAB18B9} = {61E7117D-F75E-47F6-BD08-55B419751653}
		{BC7F6B76-C073-4927-BE45-8299ECC4CA68} = {5FFFB0A9-FBF8-40CC-9987-9331CEAB18B9}
		{8639761D-07DD-4D06-85A3-2AC95953A1DA} = {5FFFB0A9-FBF8-40CC-9987-9331CEAB18B9}
		{4F64DDBD-B745-4DE9-9EBF-D29AF45CA4CF} = {61E7117D-F75E-47F6-BD08-55B419751653}
		{5E6A709D-6DF9-47E3-8B50-B01AA75B750A} = {4F64DDBD-B745-4DE9-9EBF-D29AF45CA4CF}
		{9F9C4FDF-2F3F-4548-A0B4-8FAA2FEF3476} = {4F64DDBD-B745-4DE9-9EBF-D29AF45CA4CF}
		{897FA356-7998-4BA3-9255-02FCE71CEFBD} = {CBC15139-6E07-4D7F-83D6-77CF36C49B90}
	EndGlobalSection
EndGlobal
